// !$*UTF8*$!
{
	archiveVersion = 1;
	classes = {
	};
	objectVersion = 46;
	objects = {

/* Begin PBXBuildFile section */
		4010D4FD1A87394A00B351F7 /* AppDelegate.swift in Sources */ = {isa = PBXBuildFile; fileRef = 4010D4FC1A87394A00B351F7 /* AppDelegate.swift */; };
		4010D5001A87394A00B351F7 /* TestSwift.xcdatamodeld in Sources */ = {isa = PBXBuildFile; fileRef = 4010D4FE1A87394A00B351F7 /* TestSwift.xcdatamodeld */; };
		4010D5021A87394A00B351F7 /* ViewController.swift in Sources */ = {isa = PBXBuildFile; fileRef = 4010D5011A87394A00B351F7 /* ViewController.swift */; };
		4010D5051A87394A00B351F7 /* Main.storyboard in Resources */ = {isa = PBXBuildFile; fileRef = 4010D5031A87394A00B351F7 /* Main.storyboard */; };
		4010D5071A87394A00B351F7 /* Images.xcassets in Resources */ = {isa = PBXBuildFile; fileRef = 4010D5061A87394A00B351F7 /* Images.xcassets */; };
		4010D50A1A87394A00B351F7 /* LaunchScreen.xib in Resources */ = {isa = PBXBuildFile; fileRef = 4010D5081A87394A00B351F7 /* LaunchScreen.xib */; };
		4010D5161A87394A00B351F7 /* TestSwiftTests.swift in Sources */ = {isa = PBXBuildFile; fileRef = 4010D5151A87394A00B351F7 /* TestSwiftTests.swift */; };
/* End PBXBuildFile section */

/* Begin PBXContainerItemProxy section */
		4010D5101A87394A00B351F7 /* PBXContainerItemProxy */ = {
			isa = PBXContainerItemProxy;
			containerPortal = 4010D4EF1A87394A00B351F7 /* Project object */;
			proxyType = 1;
			remoteGlobalIDString = 4010D4F61A87394A00B351F7;
			remoteInfo = TestSwift;
		};
/* End PBXContainerItemProxy section */

/* Begin PBXFileReference section */
		4010D4F71A87394A00B351F7 /* TestSwift.app */ = {isa = PBXFileReference; explicitFileType = wrapper.application; includeInIndex = 0; path = TestSwift.app; sourceTree = BUILT_PRODUCTS_DIR; };
		4010D4FB1A87394A00B351F7 /* Info.plist */ = {isa = PBXFileReference; lastKnownFileType = text.plist.xml; path = Info.plist; sourceTree = "<group>"; };
		4010D4FC1A87394A00B351F7 /* AppDelegate.swift */ = {isa = PBXFileReference; lastKnownFileType = sourcecode.swift; path = AppDelegate.swift; sourceTree = "<group>"; };
		4010D4FF1A87394A00B351F7 /* TestSwift.xcdatamodel */ = {isa = PBXFileReference; lastKnownFileType = wrapper.xcdatamodel; path = TestSwift.xcdatamodel; sourceTree = "<group>"; };
		4010D5011A87394A00B351F7 /* ViewController.swift */ = {isa = PBXFileReference; lastKnownFileType = sourcecode.swift; path = ViewController.swift; sourceTree = "<group>"; };
		4010D5041A87394A00B351F7 /* Base */ = {isa = PBXFileReference; lastKnownFileType = file.storyboard; name = Base; path = Base.lproj/Main.storyboard; sourceTree = "<group>"; };
		4010D5061A87394A00B351F7 /* Images.xcassets */ = {isa = PBXFileReference; lastKnownFileType = folder.assetcatalog; path = Images.xcassets; sourceTree = "<group>"; };
		4010D5091A87394A00B351F7 /* Base */ = {isa = PBXFileReference; lastKnownFileType = file.xib; name = Base; path = Base.lproj/LaunchScreen.xib; sourceTree = "<group>"; };
		4010D50F1A87394A00B351F7 /* TestSwiftTests.xctest */ = {isa = PBXFileReference; explicitFileType = wrapper.cfbundle; includeInIndex = 0; path = TestSwiftTests.xctest; sourceTree = BUILT_PRODUCTS_DIR; };
		4010D5141A87394A00B351F7 /* Info.plist */ = {isa = PBXFileReference; lastKnownFileType = text.plist.xml; path = Info.plist; sourceTree = "<group>"; };
		4010D5151A87394A00B351F7 /* TestSwiftTests.swift */ = {isa = PBXFileReference; lastKnownFileType = sourcecode.swift; path = TestSwiftTests.swift; sourceTree = "<group>"; };
/* End PBXFileReference section */

/* Begin PBXFrameworksBuildPhase section */
		4010D4F41A87394A00B351F7 /* Frameworks */ = {
			isa = PBXFrameworksBuildPhase;
			buildActionMask = 2147483647;
			files = (
			);
			runOnlyForDeploymentPostprocessing = 0;
		};
		4010D50C1A87394A00B351F7 /* Frameworks */ = {
			isa = PBXFrameworksBuildPhase;
			buildActionMask = 2147483647;
			files = (
			);
			runOnlyForDeploymentPostprocessing = 0;
		};
/* End PBXFrameworksBuildPhase section */

/* Begin PBXGroup section */
		4010D4EE1A87394A00B351F7 = {
			isa = PBXGroup;
			children = (
				4010D4F91A87394A00B351F7 /* TestSwift */,
				4010D5121A87394A00B351F7 /* TestSwiftTests */,
				4010D4F81A87394A00B351F7 /* Products */,
			);
			sourceTree = "<group>";
		};
		4010D4F81A87394A00B351F7 /* Products */ = {
			isa = PBXGroup;
			children = (
				4010D4F71A87394A00B351F7 /* TestSwift.app */,
				4010D50F1A87394A00B351F7 /* TestSwiftTests.xctest */,
			);
			name = Products;
			sourceTree = "<group>";
		};
		4010D4F91A87394A00B351F7 /* TestSwift */ = {
			isa = PBXGroup;
			children = (
				4010D4FC1A87394A00B351F7 /* AppDelegate.swift */,
				4010D5011A87394A00B351F7 /* ViewController.swift */,
				4010D5031A87394A00B351F7 /* Main.storyboard */,
				4010D5061A87394A00B351F7 /* Images.xcassets */,
				4010D5081A87394A00B351F7 /* LaunchScreen.xib */,
				4010D4FE1A87394A00B351F7 /* TestSwift.xcdatamodeld */,
				4010D4FA1A87394A00B351F7 /* Supporting Files */,
			);
			path = TestSwift;
			sourceTree = "<group>";
		};
		4010D4FA1A87394A00B351F7 /* Supporting Files */ = {
			isa = PBXGroup;
			children = (
				4010D4FB1A87394A00B351F7 /* Info.plist */,
			);
			name = "Supporting Files";
			sourceTree = "<group>";
		};
		4010D5121A87394A00B351F7 /* TestSwiftTests */ = {
			isa = PBXGroup;
			children = (
				4010D5151A87394A00B351F7 /* TestSwiftTests.swift */,
				4010D5131A87394A00B351F7 /* Supporting Files */,
			);
			path = TestSwiftTests;
			sourceTree = "<group>";
		};
		4010D5131A87394A00B351F7 /* Supporting Files */ = {
			isa = PBXGroup;
			children = (
				4010D5141A87394A00B351F7 /* Info.plist */,
			);
			name = "Supporting Files";
			sourceTree = "<group>";
		};
/* End PBXGroup section */

/* Begin PBXNativeTarget section */
		4010D4F61A87394A00B351F7 /* TestSwift */ = {
			isa = PBXNativeTarget;
			buildConfigurationList = 4010D5191A87394A00B351F7 /* Build configuration list for PBXNativeTarget "TestSwift" */;
			buildPhases = (
				4010D4F31A87394A00B351F7 /* Sources */,
				4010D4F41A87394A00B351F7 /* Frameworks */,
				4010D4F51A87394A00B351F7 /* Resources */,
			);
			buildRules = (
			);
			dependencies = (
			);
			name = TestSwift;
			productName = TestSwift;
			productReference = 4010D4F71A87394A00B351F7 /* TestSwift.app */;
			productType = "com.apple.product-type.application";
		};
		4010D50E1A87394A00B351F7 /* TestSwiftTests */ = {
			isa = PBXNativeTarget;
			buildConfigurationList = 4010D51C1A87394A00B351F7 /* Build configuration list for PBXNativeTarget "TestSwiftTests" */;
			buildPhases = (
				4010D50B1A87394A00B351F7 /* Sources */,
				4010D50C1A87394A00B351F7 /* Frameworks */,
				4010D50D1A87394A00B351F7 /* Resources */,
			);
			buildRules = (
			);
			dependencies = (
				4010D5111A87394A00B351F7 /* PBXTargetDependency */,
			);
			name = TestSwiftTests;
			productName = TestSwiftTests;
			productReference = 4010D50F1A87394A00B351F7 /* TestSwiftTests.xctest */;
			productType = "com.apple.product-type.bundle.unit-test";
		};
/* End PBXNativeTarget section */

/* Begin PBXProject section */
		4010D4EF1A87394A00B351F7 /* Project object */ = {
			isa = PBXProject;
			attributes = {
				LastUpgradeCheck = 0610;
				ORGANIZATIONNAME = "Hongfei Cao";
				TargetAttributes = {
					4010D4F61A87394A00B351F7 = {
						CreatedOnToolsVersion = 6.1;
					};
					4010D50E1A87394A00B351F7 = {
						CreatedOnToolsVersion = 6.1;
						TestTargetID = 4010D4F61A87394A00B351F7;
					};
				};
			};
			buildConfigurationList = 4010D4F21A87394A00B351F7 /* Build configuration list for PBXProject "TestSwift" */;
			compatibilityVersion = "Xcode 3.2";
			developmentRegion = English;
			hasScannedForEncodings = 0;
			knownRegions = (
				en,
				Base,
			);
			mainGroup = 4010D4EE1A87394A00B351F7;
			productRefGroup = 4010D4F81A87394A00B351F7 /* Products */;
			projectDirPath = "";
			projectRoot = "";
			targets = (
				4010D4F61A87394A00B351F7 /* TestSwift */,
				4010D50E1A87394A00B351F7 /* TestSwiftTests */,
			);
		};
/* End PBXProject section */

/* Begin PBXResourcesBuildPhase section */
		4010D4F51A87394A00B351F7 /* Resources */ = {
			isa = PBXResourcesBuildPhase;
			buildActionMask = 2147483647;
			files = (
				4010D5051A87394A00B351F7 /* Main.storyboard in Resources */,
				4010D50A1A87394A00B351F7 /* LaunchScreen.xib in Resources */,
				4010D5071A87394A00B351F7 /* Images.xcassets in Resources */,
			);
			runOnlyForDeploymentPostprocessing = 0;
		};
		4010D50D1A87394A00B351F7 /* Resources */ = {
			isa = PBXResourcesBuildPhase;
			buildActionMask = 2147483647;
			files = (
			);
			runOnlyForDeploymentPostprocessing = 0;
		};
/* End PBXResourcesBuildPhase section */

/* Begin PBXSourcesBuildPhase section */
		4010D4F31A87394A00B351F7 /* Sources */ = {
			isa = PBXSourcesBuildPhase;
			buildActionMask = 2147483647;
			files = (
				4010D5021A87394A00B351F7 /* ViewController.swift in Sources */,
				4010D4FD1A87394A00B351F7 /* AppDelegate.swift in Sources */,
				4010D5001A87394A00B351F7 /* TestSwift.xcdatamodeld in Sources */,
			);
			runOnlyForDeploymentPostprocessing = 0;
		};
		4010D50B1A87394A00B351F7 /* Sources */ = {
			isa = PBXSourcesBuildPhase;
			buildActionMask = 2147483647;
			files = (
				4010D5161A87394A00B351F7 /* TestSwiftTests.swift in Sources */,
			);
			runOnlyForDeploymentPostprocessing = 0;
		};
/* End PBXSourcesBuildPhase section */

/* Begin PBXTargetDependency section */
		4010D5111A87394A00B351F7 /* PBXTargetDependency */ = {
			isa = PBXTargetDependency;
			target = 4010D4F61A87394A00B351F7 /* TestSwift */;
			targetProxy = 4010D5101A87394A00B351F7 /* PBXContainerItemProxy */;
		};
/* End PBXTargetDependency section */

/* Begin PBXVariantGroup section */
		4010D5031A87394A00B351F7 /* Main.storyboard */ = {
			isa = PBXVariantGroup;
			children = (
				4010D5041A87394A00B351F7 /* Base */,
			);
			name = Main.storyboard;
			sourceTree = "<group>";
		};
		4010D5081A87394A00B351F7 /* LaunchScreen.xib */ = {
			isa = PBXVariantGroup;
			children = (
				4010D5091A87394A00B351F7 /* Base */,
			);
			name = LaunchScreen.xib;
			sourceTree = "<group>";
		};
/* End PBXVariantGroup section */

/* Begin XCBuildConfiguration section */
		4010D5171A87394A00B351F7 /* Debug */ = {
			isa = XCBuildConfiguration;
			buildSettings = {
				ALWAYS_SEARCH_USER_PATHS = NO;
				CLANG_CXX_LANGUAGE_STANDARD = "gnu++0x";
				CLANG_CXX_LIBRARY = "libc++";
				CLANG_ENABLE_MODULES = YES;
				CLANG_ENABLE_OBJC_ARC = YES;
				CLANG_WARN_BOOL_CONVERSION = YES;
				CLANG_WARN_CONSTANT_CONVERSION = YES;
				CLANG_WARN_DIRECT_OBJC_ISA_USAGE = YES_ERROR;
				CLANG_WARN_EMPTY_BODY = YES;
				CLANG_WARN_ENUM_CONVERSION = YES;
				CLANG_WARN_INT_CONVERSION = YES;
				CLANG_WARN_OBJC_ROOT_CLASS = YES_ERROR;
				CLANG_WARN_UNREACHABLE_CODE = YES;
				CLANG_WARN__DUPLICATE_METHOD_MATCH = YES;
				"CODE_SIGN_IDENTITY[sdk=iphoneos*]" = "iPhone Developer";
				COPY_PHASE_STRIP = NO;
				ENABLE_STRICT_OBJC_MSGSEND = YES;
				GCC_C_LANGUAGE_STANDARD = gnu99;
				GCC_DYNAMIC_NO_PIC = NO;
				GCC_OPTIMIZATION_LEVEL = 0;
				GCC_PREPROCESSOR_DEFINITIONS = (
					"DEBUG=1",
					"$(inherited)",
				);
				GCC_SYMBOLS_PRIVATE_EXTERN = NO;
				GCC_WARN_64_TO_32_BIT_CONVERSION = YES;
				GCC_WARN_ABOUT_RETURN_TYPE = YES_ERROR;
				GCC_WARN_UNDECLARED_SELECTOR = YES;
				GCC_WARN_UNINITIALIZED_AUTOS = YES_AGGRESSIVE;
				GCC_WARN_UNUSED_FUNCTION = YES;
				GCC_WARN_UNUSED_VARIABLE = YES;
				IPHONEOS_DEPLOYMENT_TARGET = 8.1;
				MTL_ENABLE_DEBUG_INFO = YES;
				ONLY_ACTIVE_ARCH = YES;
				SDKROOT = iphoneos;
				SWIFT_OPTIMIZATION_LEVEL = "-Onone";
				TARGETED_DEVICE_FAMILY = "1,2";
			};
			name = Debug;
		};
		4010D5181A87394A00B351F7 /* Release */ = {
			isa = XCBuildConfiguration;
			buildSettings = {
				ALWAYS_SEARCH_USER_PATHS = NO;
				CLANG_CXX_LANGUAGE_STANDARD = "gnu++0x";
				CLANG_CXX_LIBRARY = "libc++";
				CLANG_ENABLE_MODULES = YES;
				CLANG_ENABLE_OBJC_ARC = YES;
				CLANG_WARN_BOOL_CONVERSION = YES;
				CLANG_WARN_CONSTANT_CONVERSION = YES;
				CLANG_WARN_DIRECT_OBJC_ISA_USAGE = YES_ERROR;
				CLANG_WARN_EMPTY_BODY = YES;
				CLANG_WARN_ENUM_CONVERSION = YES;
				CLANG_WARN_INT_CONVERSION = YES;
				CLANG_WARN_OBJC_ROOT_CLASS = YES_ERROR;
				CLANG_WARN_UNREACHABLE_CODE = YES;
				CLANG_WARN__DUPLICATE_METHOD_MATCH = YES;
				"CODE_SIGN_IDENTITY[sdk=iphoneos*]" = "iPhone Developer";
				COPY_PHASE_STRIP = YES;
				ENABLE_NS_ASSERTIONS = NO;
				ENABLE_STRICT_OBJC_MSGSEND = YES;
				GCC_C_LANGUAGE_STANDARD = gnu99;
				GCC_WARN_64_TO_32_BIT_CONVERSION = YES;
				GCC_WARN_ABOUT_RETURN_TYPE = YES_ERROR;
				GCC_WARN_UNDECLARED_SELECTOR = YES;
				GCC_WARN_UNINITIALIZED_AUTOS = YES_AGGRESSIVE;
				GCC_WARN_UNUSED_FUNCTION = YES;
				GCC_WARN_UNUSED_VARIABLE = YES;
				IPHONEOS_DEPLOYMENT_TARGET = 8.1;
				MTL_ENABLE_DEBUG_INFO = NO;
				SDKROOT = iphoneos;
				TARGETED_DEVICE_FAMILY = "1,2";
				VALIDATE_PRODUCT = YES;
			};
			name = Release;
		};
		4010D51A1A87394A00B351F7 /* Debug */ = {
			isa = XCBuildConfiguration;
			buildSettings = {
				ASSETCATALOG_COMPILER_APPICON_NAME = AppIcon;
				INFOPLIST_FILE = TestSwift/Info.plist;
				LD_RUNPATH_SEARCH_PATHS = "$(inherited) @executable_path/Frameworks";
				PRODUCT_NAME = "$(TARGET_NAME)";
			};
			name = Debug;
		};
		4010D51B1A87394A00B351F7 /* Release */ = {
			isa = XCBuildConfiguration;
			buildSettings = {
				ASSETCATALOG_COMPILER_APPICON_NAME = AppIcon;
				INFOPLIST_FILE = TestSwift/Info.plist;
				LD_RUNPATH_SEARCH_PATHS = "$(inherited) @executable_path/Frameworks";
				PRODUCT_NAME = "$(TARGET_NAME)";
			};
			name = Release;
		};
		4010D51D1A87394A00B351F7 /* Debug */ = {
			isa = XCBuildConfiguration;
			buildSettings = {
				BUNDLE_LOADER = "$(TEST_HOST)";
				FRAMEWORK_SEARCH_PATHS = (
					"$(SDKROOT)/Developer/Library/Frameworks",
					"$(inherited)",
				);
				GCC_PREPROCESSOR_DEFINITIONS = (
					"DEBUG=1",
					"$(inherited)",
				);
				INFOPLIST_FILE = TestSwiftTests/Info.plist;
				LD_RUNPATH_SEARCH_PATHS = "$(inherited) @executable_path/Frameworks @loader_path/Frameworks";
				PRODUCT_NAME = "$(TARGET_NAME)";
				TEST_HOST = "$(BUILT_PRODUCTS_DIR)/TestSwift.app/TestSwift";
			};
			name = Debug;
		};
		4010D51E1A87394A00B351F7 /* Release */ = {
			isa = XCBuildConfiguration;
			buildSettings = {
				BUNDLE_LOADER = "$(TEST_HOST)";
				FRAMEWORK_SEARCH_PATHS = (
					"$(SDKROOT)/Developer/Library/Frameworks",
					"$(inherited)",
				);
				INFOPLIST_FILE = TestSwiftTests/Info.plist;
				LD_RUNPATH_SEARCH_PATHS = "$(inherited) @executable_path/Frameworks @loader_path/Frameworks";
				PRODUCT_NAME = "$(TARGET_NAME)";
				TEST_HOST = "$(BUILT_PRODUCTS_DIR)/TestSwift.app/TestSwift";
			};
			name = Release;
		};
/* End XCBuildConfiguration section */

/* Begin XCConfigurationList section */
		4010D4F21A87394A00B351F7 /* Build configuration list for PBXProject "TestSwift" */ = {
			isa = XCConfigurationList;
			buildConfigurations = (
				4010D5171A87394A00B351F7 /* Debug */,
				4010D5181A87394A00B351F7 /* Release */,
			);
			defaultConfigurationIsVisible = 0;
			defaultConfigurationName = Release;
		};
		4010D5191A87394A00B351F7 /* Build configuration list for PBXNativeTarget "TestSwift" */ = {
			isa = XCConfigurationList;
			buildConfigurations = (
				4010D51A1A87394A00B351F7 /* Debug */,
				4010D51B1A87394A00B351F7 /* Release */,
			);
			defaultConfigurationIsVisible = 0;
		};
		4010D51C1A87394A00B351F7 /* Build configuration list for PBXNativeTarget "TestSwiftTests" */ = {
			isa = XCConfigurationList;
			buildConfigurations = (
				4010D51D1A87394A00B351F7 /* Debug */,
				4010D51E1A87394A00B351F7 /* Release */,
			);
			defaultConfigurationIsVisible = 0;
		};
/* End XCConfigurationList section */

/* Begin XCVersionGroup section */
		4010D4FE1A87394A00B351F7 /* TestSwift.xcdatamodeld */ = {
			isa = XCVersionGroup;
			children = (
				4010D4FF1A87394A00B351F7 /* TestSwift.xcdatamodel */,
			);
			currentVersion = 4010D4FF1A87394A00B351F7 /* TestSwift.xcdatamodel */;
			path = TestSwift.xcdatamodeld;
			sourceTree = "<group>";
			versionGroupType = wrapper.xcdatamodel;
		};
/* End XCVersionGroup section */
	};
	rootObject = 4010D4EF1A87394A00B351F7 /* Project object */;
}
